// !$*UTF8*$!
{
	archiveVersion = 1;
	classes = {
	};
	objectVersion = 55;
	objects = {

/* Begin PBXBuildFile section */
		494649B827D4FE8600B418F4 /* AppDelegate.swift in Sources */ = {isa = PBXBuildFile; fileRef = 494649B727D4FE8600B418F4 /* AppDelegate.swift */; };
		494649BA27D4FE8600B418F4 /* SceneDelegate.swift in Sources */ = {isa = PBXBuildFile; fileRef = 494649B927D4FE8600B418F4 /* SceneDelegate.swift */; };
		494649BC27D4FE8600B418F4 /* ViewController.swift in Sources */ = {isa = PBXBuildFile; fileRef = 494649BB27D4FE8600B418F4 /* ViewController.swift */; };
		494649BF27D4FE8600B418F4 /* Main.storyboard in Resources */ = {isa = PBXBuildFile; fileRef = 494649BD27D4FE8600B418F4 /* Main.storyboard */; };
		494649C127D4FE8700B418F4 /* Assets.xcassets in Resources */ = {isa = PBXBuildFile; fileRef = 494649C027D4FE8700B418F4 /* Assets.xcassets */; };
		494649C427D4FE8700B418F4 /* LaunchScreen.storyboard in Resources */ = {isa = PBXBuildFile; fileRef = 494649C227D4FE8700B418F4 /* LaunchScreen.storyboard */; };
		494649CC27D5017400B418F4 /* YemekTableViewCell.swift in Sources */ = {isa = PBXBuildFile; fileRef = 494649CB27D5017400B418F4 /* YemekTableViewCell.swift */; };
		494649CE27D505B400B418F4 /* Yemekler.swift in Sources */ = {isa = PBXBuildFile; fileRef = 494649CD27D505B400B418F4 /* Yemekler.swift */; };
/* End PBXBuildFile section */

/* Begin PBXFileReference section */
		494649B427D4FE8600B418F4 /* Detylı TableView Cell Kullanımı.app */ = {isa = PBXFileReference; explicitFileType = wrapper.application; includeInIndex = 0; path = "Detylı TableView Cell Kullanımı.app"; sourceTree = BUILT_PRODUCTS_DIR; };
		494649B727D4FE8600B418F4 /* AppDelegate.swift */ = {isa = PBXFileReference; lastKnownFileType = sourcecode.swift; path = AppDelegate.swift; sourceTree = "<group>"; };
		494649B927D4FE8600B418F4 /* SceneDelegate.swift */ = {isa = PBXFileReference; lastKnownFileType = sourcecode.swift; path = SceneDelegate.swift; sourceTree = "<group>"; };
		494649BB27D4FE8600B418F4 /* ViewController.swift */ = {isa = PBXFileReference; lastKnownFileType = sourcecode.swift; path = ViewController.swift; sourceTree = "<group>"; };
		494649BE27D4FE8600B418F4 /* Base */ = {isa = PBXFileReference; lastKnownFileType = file.storyboard; name = Base; path = Base.lproj/Main.storyboard; sourceTree = "<group>"; };
		494649C027D4FE8700B418F4 /* Assets.xcassets */ = {isa = PBXFileReference; lastKnownFileType = folder.assetcatalog; path = Assets.xcassets; sourceTree = "<group>"; };
		494649C327D4FE8700B418F4 /* Base */ = {isa = PBXFileReference; lastKnownFileType = file.storyboard; name = Base; path = Base.lproj/LaunchScreen.storyboard; sourceTree = "<group>"; };
		494649C527D4FE8700B418F4 /* Info.plist */ = {isa = PBXFileReference; lastKnownFileType = text.plist.xml; path = Info.plist; sourceTree = "<group>"; };
		494649CB27D5017400B418F4 /* YemekTableViewCell.swift */ = {isa = PBXFileReference; lastKnownFileType = sourcecode.swift; path = YemekTableViewCell.swift; sourceTree = "<group>"; };
		494649CD27D505B400B418F4 /* Yemekler.swift */ = {isa = PBXFileReference; lastKnownFileType = sourcecode.swift; path = Yemekler.swift; sourceTree = "<group>"; };
/* End PBXFileReference section */

/* Begin PBXFrameworksBuildPhase section */
		494649B127D4FE8600B418F4 /* Frameworks */ = {
			isa = PBXFrameworksBuildPhase;
			buildActionMask = 2147483647;
			files = (
			);
			runOnlyForDeploymentPostprocessing = 0;
		};
/* End PBXFrameworksBuildPhase section */

/* Begin PBXGroup section */
		494649AB27D4FE8600B418F4 = {
			isa = PBXGroup;
			children = (
				494649CD27D505B400B418F4 /* Yemekler.swift */,
				494649B627D4FE8600B418F4 /* Detylı TableView Cell Kullanımı */,
				494649B527D4FE8600B418F4 /* Products */,
			);
			sourceTree = "<group>";
		};
		494649B527D4FE8600B418F4 /* Products */ = {
			isa = PBXGroup;
			children = (
				494649B427D4FE8600B418F4 /* Detylı TableView Cell Kullanımı.app */,
			);
			name = Products;
			sourceTree = "<group>";
		};
		494649B627D4FE8600B418F4 /* Detylı TableView Cell Kullanımı */ = {
			isa = PBXGroup;
			children = (
				494649B727D4FE8600B418F4 /* AppDelegate.swift */,
				494649B927D4FE8600B418F4 /* SceneDelegate.swift */,
				494649BB27D4FE8600B418F4 /* ViewController.swift */,
				494649BD27D4FE8600B418F4 /* Main.storyboard */,
				494649C027D4FE8700B418F4 /* Assets.xcassets */,
				494649C227D4FE8700B418F4 /* LaunchScreen.storyboard */,
				494649C527D4FE8700B418F4 /* Info.plist */,
				494649CB27D5017400B418F4 /* YemekTableViewCell.swift */,
			);
			path = "Detylı TableView Cell Kullanımı";
			sourceTree = "<group>";
		};
/* End PBXGroup section */

/* Begin PBXNativeTarget section */
		494649B327D4FE8600B418F4 /* Detylı TableView Cell Kullanımı */ = {
			isa = PBXNativeTarget;
			buildConfigurationList = 494649C827D4FE8700B418F4 /* Build configuration list for PBXNativeTarget "Detylı TableView Cell Kullanımı" */;
			buildPhases = (
				494649B027D4FE8600B418F4 /* Sources */,
				494649B127D4FE8600B418F4 /* Frameworks */,
				494649B227D4FE8600B418F4 /* Resources */,
			);
			buildRules = (
			);
			dependencies = (
			);
			name = "Detylı TableView Cell Kullanımı";
			productName = "Detylı TableView Cell Kullanımı";
			productReference = 494649B427D4FE8600B418F4 /* Detylı TableView Cell Kullanımı.app */;
			productType = "com.apple.product-type.application";
		};
/* End PBXNativeTarget section */

/* Begin PBXProject section */
		494649AC27D4FE8600B418F4 /* Project object */ = {
			isa = PBXProject;
			attributes = {
				BuildIndependentTargetsInParallel = 1;
				LastSwiftUpdateCheck = 1320;
				LastUpgradeCheck = 1320;
				TargetAttributes = {
					494649B327D4FE8600B418F4 = {
						CreatedOnToolsVersion = 13.2.1;
					};
				};
			};
			buildConfigurationList = 494649AF27D4FE8600B418F4 /* Build configuration list for PBXProject "Detylı TableView Cell Kullanımı" */;
			compatibilityVersion = "Xcode 13.0";
			developmentRegion = en;
			hasScannedForEncodings = 0;
			knownRegions = (
				en,
				Base,
			);
			mainGroup = 494649AB27D4FE8600B418F4;
			productRefGroup = 494649B527D4FE8600B418F4 /* Products */;
			projectDirPath = "";
			projectRoot = "";
			targets = (
				494649B327D4FE8600B418F4 /* Detylı TableView Cell Kullanımı */,
			);
		};
/* End PBXProject section */

/* Begin PBXResourcesBuildPhase section */
		494649B227D4FE8600B418F4 /* Resources */ = {
			isa = PBXResourcesBuildPhase;
			buildActionMask = 2147483647;
			files = (
				494649C427D4FE8700B418F4 /* LaunchScreen.storyboard in Resources */,
				494649C127D4FE8700B418F4 /* Assets.xcassets in Resources */,
				494649BF27D4FE8600B418F4 /* Main.storyboard in Resources */,
			);
			runOnlyForDeploymentPostprocessing = 0;
		};
/* End PBXResourcesBuildPhase section */

/* Begin PBXSourcesBuildPhase section */
		494649B027D4FE8600B418F4 /* Sources */ = {
			isa = PBXSourcesBuildPhase;
			buildActionMask = 2147483647;
			files = (
				494649CE27D505B400B418F4 /* Yemekler.swift in Sources */,
				494649BC27D4FE8600B418F4 /* ViewController.swift in Sources */,
				494649CC27D5017400B418F4 /* YemekTableViewCell.swift in Sources */,
				494649B827D4FE8600B418F4 /* AppDelegate.swift in Sources */,
				494649BA27D4FE8600B418F4 /* SceneDelegate.swift in Sources */,
			);
			runOnlyForDeploymentPostprocessing = 0;
		};
/* End PBXSourcesBuildPhase section */

/* Begin PBXVariantGroup section */
		494649BD27D4FE8600B418F4 /* Main.storyboard */ = {
			isa = PBXVariantGroup;
			children = (
				494649BE27D4FE8600B418F4 /* Base */,
			);
			name = Main.storyboard;
			sourceTree = "<group>";
		};
		494649C227D4FE8700B418F4 /* LaunchScreen.storyboard */ = {
			isa = PBXVariantGroup;
			children = (
				494649C327D4FE8700B418F4 /* Base */,
			);
			name = LaunchScreen.storyboard;
			sourceTree = "<group>";
		};
/* End PBXVariantGroup section */

/* Begin XCBuildConfiguration section */
		494649C627D4FE8700B418F4 /* Debug */ = {
			isa = XCBuildConfiguration;
			buildSettings = {
				ALWAYS_SEARCH_USER_PATHS = NO;
				CLANG_ANALYZER_NONNULL = YES;
				CLANG_ANALYZER_NUMBER_OBJECT_CONVERSION = YES_AGGRESSIVE;
				CLANG_CXX_LANGUAGE_STANDARD = "gnu++17";
				CLANG_CXX_LIBRARY = "libc++";
				CLANG_ENABLE_MODULES = YES;
				CLANG_ENABLE_OBJC_ARC = YES;
				CLANG_ENABLE_OBJC_WEAK = YES;
				CLANG_WARN_BLOCK_CAPTURE_AUTORELEASING = YES;
				CLANG_WARN_BOOL_CONVERSION = YES;
				CLANG_WARN_COMMA = YES;
				CLANG_WARN_CONSTANT_CONVERSION = YES;
				CLANG_WARN_DEPRECATED_OBJC_IMPLEMENTATIONS = YES;
				CLANG_WARN_DIRECT_OBJC_ISA_USAGE = YES_ERROR;
				CLANG_WARN_DOCUMENTATION_COMMENTS = YES;
				CLANG_WARN_EMPTY_BODY = YES;
				CLANG_WARN_ENUM_CONVERSION = YES;
				CLANG_WARN_INFINITE_RECURSION = YES;
				CLANG_WARN_INT_CONVERSION = YES;
				CLANG_WARN_NON_LITERAL_NULL_CONVERSION = YES;
				CLANG_WARN_OBJC_IMPLICIT_RETAIN_SELF = YES;
				CLANG_WARN_OBJC_LITERAL_CONVERSION = YES;
				CLANG_WARN_OBJC_ROOT_CLASS = YES_ERROR;
				CLANG_WARN_QUOTED_INCLUDE_IN_FRAMEWORK_HEADER = YES;
				CLANG_WARN_RANGE_LOOP_ANALYSIS = YES;
				CLANG_WARN_STRICT_PROTOTYPES = YES;
				CLANG_WARN_SUSPICIOUS_MOVE = YES;
				CLANG_WARN_UNGUARDED_AVAILABILITY = YES_AGGRESSIVE;
				CLANG_WARN_UNREACHABLE_CODE = YES;
				CLANG_WARN__DUPLICATE_METHOD_MATCH = YES;
				COPY_PHASE_STRIP = NO;
				DEBUG_INFORMATION_FORMAT = dwarf;
				ENABLE_STRICT_OBJC_MSGSEND = YES;
				ENABLE_TESTABILITY = YES;
				GCC_C_LANGUAGE_STANDARD = gnu11;
				GCC_DYNAMIC_NO_PIC = NO;
				GCC_NO_COMMON_BLOCKS = YES;
				GCC_OPTIMIZATION_LEVEL = 0;
				GCC_PREPROCESSOR_DEFINITIONS = (
					"DEBUG=1",
					"$(inherited)",
				);
				GCC_WARN_64_TO_32_BIT_CONVERSION = YES;
				GCC_WARN_ABOUT_RETURN_TYPE = YES_ERROR;
				GCC_WARN_UNDECLARED_SELECTOR = YES;
				GCC_WARN_UNINITIALIZED_AUTOS = YES_AGGRESSIVE;
				GCC_WARN_UNUSED_FUNCTION = YES;
				GCC_WARN_UNUSED_VARIABLE = YES;
				IPHONEOS_DEPLOYMENT_TARGET = 15.2;
				MTL_ENABLE_DEBUG_INFO = INCLUDE_SOURCE;
				MTL_FAST_MATH = YES;
				ONLY_ACTIVE_ARCH = YES;
				SDKROOT = iphoneos;
				SWIFT_ACTIVE_COMPILATION_CONDITIONS = DEBUG;
				SWIFT_OPTIMIZATION_LEVEL = "-Onone";
			};
			name = Debug;
		};
		494649C727D4FE8700B418F4 /* Release */ = {
			isa = XCBuildConfiguration;
			buildSettings = {
				ALWAYS_SEARCH_USER_PATHS = NO;
				CLANG_ANALYZER_NONNULL = YES;
				CLANG_ANALYZER_NUMBER_OBJECT_CONVERSION = YES_AGGRESSIVE;
				CLANG_CXX_LANGUAGE_STANDARD = "gnu++17";
				CLANG_CXX_LIBRARY = "libc++";
				CLANG_ENABLE_MODULES = YES;
				CLANG_ENABLE_OBJC_ARC = YES;
				CLANG_ENABLE_OBJC_WEAK = YES;
				CLANG_WARN_BLOCK_CAPTURE_AUTORELEASING = YES;
				CLANG_WARN_BOOL_CONVERSION = YES;
				CLANG_WARN_COMMA = YES;
				CLANG_WARN_CONSTANT_CONVERSION = YES;
				CLANG_WARN_DEPRECATED_OBJC_IMPLEMENTATIONS = YES;
				CLANG_WARN_DIRECT_OBJC_ISA_USAGE = YES_ERROR;
				CLANG_WARN_DOCUMENTATION_COMMENTS = YES;
				CLANG_WARN_EMPTY_BODY = YES;
				CLANG_WARN_ENUM_CONVERSION = YES;
				CLANG_WARN_INFINITE_RECURSION = YES;
				CLANG_WARN_INT_CONVERSION = YES;
				CLANG_WARN_NON_LITERAL_NULL_CONVERSION = YES;
				CLANG_WARN_OBJC_IMPLICIT_RETAIN_SELF = YES;
				CLANG_WARN_OBJC_LITERAL_CONVERSION = YES;
				CLANG_WARN_OBJC_ROOT_CLASS = YES_ERROR;
				CLANG_WARN_QUOTED_INCLUDE_IN_FRAMEWORK_HEADER = YES;
				CLANG_WARN_RANGE_LOOP_ANALYSIS = YES;
				CLANG_WARN_STRICT_PROTOTYPES = YES;
				CLANG_WARN_SUSPICIOUS_MOVE = YES;
				CLANG_WARN_UNGUARDED_AVAILABILITY = YES_AGGRESSIVE;
				CLANG_WARN_UNREACHABLE_CODE = YES;
				CLANG_WARN__DUPLICATE_METHOD_MATCH = YES;
				COPY_PHASE_STRIP = NO;
				DEBUG_INFORMATION_FORMAT = "dwarf-with-dsym";
				ENABLE_NS_ASSERTIONS = NO;
				ENABLE_STRICT_OBJC_MSGSEND = YES;
				GCC_C_LANGUAGE_STANDARD = gnu11;
				GCC_NO_COMMON_BLOCKS = YES;
				GCC_WARN_64_TO_32_BIT_CONVERSION = YES;
				GCC_WARN_ABOUT_RETURN_TYPE = YES_ERROR;
				GCC_WARN_UNDECLARED_SELECTOR = YES;
				GCC_WARN_UNINITIALIZED_AUTOS = YES_AGGRESSIVE;
				GCC_WARN_UNUSED_FUNCTION = YES;
				GCC_WARN_UNUSED_VARIABLE = YES;
				IPHONEOS_DEPLOYMENT_TARGET = 15.2;
				MTL_ENABLE_DEBUG_INFO = NO;
				MTL_FAST_MATH = YES;
				SDKROOT = iphoneos;
				SWIFT_COMPILATION_MODE = wholemodule;
				SWIFT_OPTIMIZATION_LEVEL = "-O";
				VALIDATE_PRODUCT = YES;
			};
			name = Release;
		};
		494649C927D4FE8700B418F4 /* Debug */ = {
			isa = XCBuildConfiguration;
			buildSettings = {
				ASSETCATALOG_COMPILER_APPICON_NAME = AppIcon;
				ASSETCATALOG_COMPILER_GLOBAL_ACCENT_COLOR_NAME = AccentColor;
				CODE_SIGN_STYLE = Automatic;
				CURRENT_PROJECT_VERSION = 1;
				DEVELOPMENT_TEAM = 7U9JGGZN9A;
				GENERATE_INFOPLIST_FILE = YES;
				INFOPLIST_FILE = "Detylı TableView Cell Kullanımı/Info.plist";
				INFOPLIST_KEY_UIApplicationSupportsIndirectInputEvents = YES;
				INFOPLIST_KEY_UILaunchStoryboardName = LaunchScreen;
				INFOPLIST_KEY_UIMainStoryboardFile = Main;
				INFOPLIST_KEY_UISupportedInterfaceOrientations_iPad = "UIInterfaceOrientationPortrait UIInterfaceOrientationPortraitUpsideDown UIInterfaceOrientationLandscapeLeft UIInterfaceOrientationLandscapeRight";
				INFOPLIST_KEY_UISupportedInterfaceOrientations_iPhone = "UIInterfaceOrientationPortrait UIInterfaceOrientationLandscapeLeft UIInterfaceOrientationLandscapeRight";
				LD_RUNPATH_SEARCH_PATHS = (
					"$(inherited)",
					"@executable_path/Frameworks",
				);
				MARKETING_VERSION = 1.0;
				PRODUCT_BUNDLE_IDENTIFIER = "pnrmct.playground.Detyl--TableView-Cell-Kullan-m-";
				PRODUCT_NAME = "$(TARGET_NAME)";
				SWIFT_EMIT_LOC_STRINGS = YES;
				SWIFT_VERSION = 5.0;
				TARGETED_DEVICE_FAMILY = "1,2";
			};
			name = Debug;
		};
		494649CA27D4FE8700B418F4 /* Release */ = {
			isa = XCBuildConfiguration;
			buildSettings = {
				ASSETCATALOG_COMPILER_APPICON_NAME = AppIcon;
				ASSETCATALOG_COMPILER_GLOBAL_ACCENT_COLOR_NAME = AccentColor;
				CODE_SIGN_STYLE = Automatic;
				CURRENT_PROJECT_VERSION = 1;
				DEVELOPMENT_TEAM = 7U9JGGZN9A;
				GENERATE_INFOPLIST_FILE = YES;
				INFOPLIST_FILE = "Detylı TableView Cell Kullanımı/Info.plist";
				INFOPLIST_KEY_UIApplicationSupportsIndirectInputEvents = YES;
				INFOPLIST_KEY_UILaunchStoryboardName = LaunchScreen;
				INFOPLIST_KEY_UIMainStoryboardFile = Main;
				INFOPLIST_KEY_UISupportedInterfaceOrientations_iPad = "UIInterfaceOrientationPortrait UIInterfaceOrientationPortraitUpsideDown UIInterfaceOrientationLandscapeLeft UIInterfaceOrientationLandscapeRight";
				INFOPLIST_KEY_UISupportedInterfaceOrientations_iPhone = "UIInterfaceOrientationPortrait UIInterfaceOrientationLandscapeLeft UIInterfaceOrientationLandscapeRight";
				LD_RUNPATH_SEARCH_PATHS = (
					"$(inherited)",
					"@executable_path/Frameworks",
				);
				MARKETING_VERSION = 1.0;
				PRODUCT_BUNDLE_IDENTIFIER = "pnrmct.playground.Detyl--TableView-Cell-Kullan-m-";
				PRODUCT_NAME = "$(TARGET_NAME)";
				SWIFT_EMIT_LOC_STRINGS = YES;
				SWIFT_VERSION = 5.0;
				TARGETED_DEVICE_FAMILY = "1,2";
			};
			name = Release;
		};
/* End XCBuildConfiguration section */

/* Begin XCConfigurationList section */
		494649AF27D4FE8600B418F4 /* Build configuration list for PBXProject "Detylı TableView Cell Kullanımı" */ = {
			isa = XCConfigurationList;
			buildConfigurations = (
				494649C627D4FE8700B418F4 /* Debug */,
				494649C727D4FE8700B418F4 /* Release */,
			);
			defaultConfigurationIsVisible = 0;
			defaultConfigurationName = Release;
		};
		494649C827D4FE8700B418F4 /* Build configuration list for PBXNativeTarget "Detylı TableView Cell Kullanımı" */ = {
			isa = XCConfigurationList;
			buildConfigurations = (
				494649C927D4FE8700B418F4 /* Debug */,
				494649CA27D4FE8700B418F4 /* Release */,
			);
			defaultConfigurationIsVisible = 0;
			defaultConfigurationName = Release;
		};
/* End XCConfigurationList section */
	};
	rootObject = 494649AC27D4FE8600B418F4 /* Project object */;
}
